
Microsoft Visual Studio Solution File, Format Version 12.00
# Visual Studio Version 16
VisualStudioVersion = 16.0.31019.35
MinimumVisualStudioVersion = 10.0.40219.1
Project("{9A19103F-16F7-4668-BE54-9A1E7A4F7556}") = "Ambedo.API", "Ambedo.API\Ambedo.API.csproj", "{374DB1C4-6E3E-436D-A6FE-679C99B38111}"
EndProject
Project("{9A19103F-16F7-4668-BE54-9A1E7A4F7556}") = "Ambedo.Models", "Ambedo.Models\Ambedo.Models.csproj", "{8C8C4E11-E8A7-42FE-B41E-968F1509FF95}"
EndProject
Project("{9A19103F-16F7-4668-BE54-9A1E7A4F7556}") = "Ambedo.Services", "Ambedo.Services\Ambedo.Services.csproj", "{EA522008-BCA4-4F79-90AA-06080CB4FF22}"
EndProject
Project("{9A19103F-16F7-4668-BE54-9A1E7A4F7556}") = "Ambedo.Repositories", "Ambedo.Repository\Ambedo.Repositories.csproj", "{14718B92-D6E1-4A25-A8EB-1B2A4AA2F6C9}"
EndProject
Project("{9A19103F-16F7-4668-BE54-9A1E7A4F7556}") = "Ambedo.Contract", "Ambedo.Contract\Ambedo.Contract.csproj", "{4AFF3C1A-7951-4C32-989F-963A92D49061}"
EndProject
Project("{9A19103F-16F7-4668-BE54-9A1E7A4F7556}") = "Ambedo.UI", "Ambedo.UI\Ambedo.UI.csproj", "{D95B7DDB-6825-48A3-8973-634018A8F1DE}"
EndProject
Global
	GlobalSection(SolutionConfigurationPlatforms) = preSolution
		Debug|Any CPU = Debug|Any CPU
		Release|Any CPU = Release|Any CPU
	EndGlobalSection
	GlobalSection(ProjectConfigurationPlatforms) = postSolution
		{374DB1C4-6E3E-436D-A6FE-679C99B38111}.Debug|Any CPU.ActiveCfg = Debug|Any CPU
		{374DB1C4-6E3E-436D-A6FE-679C99B38111}.Debug|Any CPU.Build.0 = Debug|Any CPU
		{374DB1C4-6E3E-436D-A6FE-679C99B38111}.Release|Any CPU.ActiveCfg = Release|Any CPU
		{374DB1C4-6E3E-436D-A6FE-679C99B38111}.Release|Any CPU.Build.0 = Release|Any CPU
		{8C8C4E11-E8A7-42FE-B41E-968F1509FF95}.Debug|Any CPU.ActiveCfg = Debug|Any CPU
		{8C8C4E11-E8A7-42FE-B41E-968F1509FF95}.Debug|Any CPU.Build.0 = Debug|Any CPU
		{8C8C4E11-E8A7-42FE-B41E-968F1509FF95}.Release|Any CPU.ActiveCfg = Release|Any CPU
		{8C8C4E11-E8A7-42FE-B41E-968F1509FF95}.Release|Any CPU.Build.0 = Release|Any CPU
		{EA522008-BCA4-4F79-90AA-06080CB4FF22}.Debug|Any CPU.ActiveCfg = Debug|Any CPU
		{EA522008-BCA4-4F79-90AA-06080CB4FF22}.Debug|Any CPU.Build.0 = Debug|Any CPU
		{EA522008-BCA4-4F79-90AA-06080CB4FF22}.Release|Any CPU.ActiveCfg = Release|Any CPU
		{EA522008-BCA4-4F79-90AA-06080CB4FF22}.Release|Any CPU.Build.0 = Release|Any CPU
		{14718B92-D6E1-4A25-A8EB-1B2A4AA2F6C9}.Debug|Any CPU.ActiveCfg = Debug|Any CPU
		{14718B92-D6E1-4A25-A8EB-1B2A4AA2F6C9}.Debug|Any CPU.Build.0 = Debug|Any CPU
		{14718B92-D6E1-4A25-A8EB-1B2A4AA2F6C9}.Release|Any CPU.ActiveCfg = Release|Any CPU
		{14718B92-D6E1-4A25-A8EB-1B2A4AA2F6C9}.Release|Any CPU.Build.0 = Release|Any CPU
		{4AFF3C1A-7951-4C32-989F-963A92D49061}.Debug|Any CPU.ActiveCfg = Debug|Any CPU
		{4AFF3C1A-7951-4C32-989F-963A92D49061}.Debug|Any CPU.Build.0 = Debug|Any CPU
		{4AFF3C1A-7951-4C32-989F-963A92D49061}.Release|Any CPU.ActiveCfg = Release|Any CPU
		{4AFF3C1A-7951-4C32-989F-963A92D49061}.Release|Any CPU.Build.0 = Release|Any CPU
		{D95B7DDB-6825-48A3-8973-634018A8F1DE}.Debug|Any CPU.ActiveCfg = Debug|Any CPU
		{D95B7DDB-6825-48A3-8973-634018A8F1DE}.Debug|Any CPU.Build.0 = Debug|Any CPU
		{D95B7DDB-6825-48A3-8973-634018A8F1DE}.Release|Any CPU.ActiveCfg = Release|Any CPU
		{D95B7DDB-6825-48A3-8973-634018A8F1DE}.Release|Any CPU.Build.0 = Release|Any CPU
	EndGlobalSection
	GlobalSection(SolutionProperties) = preSolution
		HideSolutionNode = FALSE
	EndGlobalSection
	GlobalSection(ExtensibilityGlobals) = postSolution
		SolutionGuid = {0EB6B3D6-3F0F-461E-BDD2-EB45B5707A97}
	EndGlobalSection
EndGlobal
